# THIS IS AN AUTOGENERATED FILE. DO NOT EDIT THIS FILE DIRECTLY.
# yarn lockfile v1


parse-multipart@^1.0.4:
  version "1.0.4"
  resolved "https://registry.yarnpkg.com/parse-multipart/-/parse-multipart-1.0.4.tgz#767b8788b2487b87b83a19615cd6ba78a8d14492"
  integrity sha1-dnuHiLJIe4e4OhlhXNa6eKjRRJI=
